
Microsoft Visual Studio Solution File, Format Version 12.00
# Visual Studio Version 16
VisualStudioVersion = 16.0.30413.136
MinimumVisualStudioVersion = 10.0.40219.1
Project("{FAE04EC0-301F-11D3-BF4B-00C04F79EFBC}") = "лаб 2", "лаб 2.csproj", "{9DC6C975-08A1-4C05-B68F-95133F0CBFB0}"
EndProject
Global
	GlobalSection(SolutionConfigurationPlatforms) = preSolution
		Debug|Any CPU = Debug|Any CPU
		Release|Any CPU = Release|Any CPU
	EndGlobalSection
	GlobalSection(ProjectConfigurationPlatforms) = postSolution
		{9DC6C975-08A1-4C05-B68F-95133F0CBFB0}.Debug|Any CPU.ActiveCfg = Debug|Any CPU
		{9DC6C975-08A1-4C05-B68F-95133F0CBFB0}.Debug|Any CPU.Build.0 = Debug|Any CPU
		{9DC6C975-08A1-4C05-B68F-95133F0CBFB0}.Release|Any CPU.ActiveCfg = Release|Any CPU
		{9DC6C975-08A1-4C05-B68F-95133F0CBFB0}.Release|Any CPU.Build.0 = Release|Any CPU
	EndGlobalSection
	GlobalSection(SolutionProperties) = preSolution
		HideSolutionNode = FALSE
	EndGlobalSection
	GlobalSection(ExtensibilityGlobals) = postSolution
		SolutionGuid = {46EBD1F7-C8A7-46E4-803F-5CBFF9441B5E}
	EndGlobalSection
EndGlobal
